
Microsoft Visual Studio Solution File, Format Version 12.00
# Visual Studio Version 16
VisualStudioVersion = 16.0.30011.22
MinimumVisualStudioVersion = 10.0.40219.1
Project("{FAE04EC0-301F-11D3-BF4B-00C04F79EFBC}") = "20200521_Odev", "20200521_Odev.csproj", "{EF13FF4C-33BD-450E-A540-5257C066A8C5}"
EndProject
Global
	GlobalSection(SolutionConfigurationPlatforms) = preSolution
		Debug|Any CPU = Debug|Any CPU
		Release|Any CPU = Release|Any CPU
	EndGlobalSection
	GlobalSection(ProjectConfigurationPlatforms) = postSolution
		{EF13FF4C-33BD-450E-A540-5257C066A8C5}.Debug|Any CPU.ActiveCfg = Debug|Any CPU
		{EF13FF4C-33BD-450E-A540-5257C066A8C5}.Debug|Any CPU.Build.0 = Debug|Any CPU
		{EF13FF4C-33BD-450E-A540-5257C066A8C5}.Release|Any CPU.ActiveCfg = Release|Any CPU
		{EF13FF4C-33BD-450E-A540-5257C066A8C5}.Release|Any CPU.Build.0 = Release|Any CPU
	EndGlobalSection
	GlobalSection(SolutionProperties) = preSolution
		HideSolutionNode = FALSE
	EndGlobalSection
	GlobalSection(ExtensibilityGlobals) = postSolution
		SolutionGuid = {056A5F4E-6A4E-444C-8FC8-08661D6CCAE6}
	EndGlobalSection
EndGlobal
